
Microsoft Visual Studio Solution File, Format Version 12.00
# Visual Studio Version 17
VisualStudioVersion = 17.14.36401.2 d17.14
MinimumVisualStudioVersion = 10.0.40219.1
Project("{FAE04EC0-301F-11D3-BF4B-00C04F79EFBC}") = "Pandora", "Pandora\Pandora.csproj", "{5CC9DE11-7782-8180-A8A8-4414B887F0F9}"
EndProject
Project("{FAE04EC0-301F-11D3-BF4B-00C04F79EFBC}") = "Pandora.Desktop", "Pandora.Desktop\Pandora.Desktop.csproj", "{651A2367-DEA5-68A1-D85F-A9AFB6E10C51}"
EndProject
Global
	GlobalSection(SolutionConfigurationPlatforms) = preSolution
		Debug|Any CPU = Debug|Any CPU
		Release|Any CPU = Release|Any CPU
	EndGlobalSection
	GlobalSection(ProjectConfigurationPlatforms) = postSolution
		{5CC9DE11-7782-8180-A8A8-4414B887F0F9}.Debug|Any CPU.ActiveCfg = Debug|Any CPU
		{5CC9DE11-7782-8180-A8A8-4414B887F0F9}.Debug|Any CPU.Build.0 = Debug|Any CPU
		{5CC9DE11-7782-8180-A8A8-4414B887F0F9}.Release|Any CPU.ActiveCfg = Release|Any CPU
		{5CC9DE11-7782-8180-A8A8-4414B887F0F9}.Release|Any CPU.Build.0 = Release|Any CPU
		{651A2367-DEA5-68A1-D85F-A9AFB6E10C51}.Debug|Any CPU.ActiveCfg = Debug|Any CPU
		{651A2367-DEA5-68A1-D85F-A9AFB6E10C51}.Debug|Any CPU.Build.0 = Debug|Any CPU
		{651A2367-DEA5-68A1-D85F-A9AFB6E10C51}.Release|Any CPU.ActiveCfg = Release|Any CPU
		{651A2367-DEA5-68A1-D85F-A9AFB6E10C51}.Release|Any CPU.Build.0 = Release|Any CPU
	EndGlobalSection
	GlobalSection(SolutionProperties) = preSolution
		HideSolutionNode = FALSE
	EndGlobalSection
	GlobalSection(ExtensibilityGlobals) = postSolution
		SolutionGuid = {5CF602FB-6D15-4A53-BDDB-BC7C9360B9DF}
	EndGlobalSection
EndGlobal
